devDependencies:
  '@rollup/plugin-json': 4.0.1_rollup@1.29.0
  rollup: 1.29.0
  typescript: 3.7.4
  watch: 1.0.2
lockfileVersion: 5.1
packages:
  /@rollup/plugin-json/4.0.1_rollup@1.29.0:
    dependencies:
      rollup: 1.29.0
      rollup-pluginutils: 2.8.2
    dev: true
    peerDependencies:
      rollup: ^1.20.0
    resolution:
      integrity: sha512-soxllkhOGgchswBAAaTe7X9G80U2tjjHvXv0sBrriLJcC/89PkP59iTrKPOfbz3SjX088mKDmMhAscuyLz8ZSg==
  /@types/estree/0.0.42:
    dev: true
    resolution:
      integrity: sha512-K1DPVvnBCPxzD+G51/cxVIoc2X8uUVl1zpJeE6iKcgHMj4+tbat5Xu4TjV7v2QSDbIeAfLi2hIk+u2+s0MlpUQ==
  /@types/node/13.1.5:
    dev: true
    resolution:
      integrity: sha512-wupvfmtbqRJzjCm1H2diy7wo31Gn1OzvqoxCfQuKM9eSecogzP0WTlrjdq7cf7jgSO2ZX6hxwgRPR8Wt7FA22g==
  /acorn/7.1.0:
    dev: true
    engines:
      node: '>=0.4.0'
    hasBin: true
    resolution:
      integrity: sha512-kL5CuoXA/dgxlBbVrflsflzQ3PAas7RYZB52NOm/6839iVYJgKMJ3cQJD+t2i5+qFa8h3MDpEOJiS64E8JLnSQ==
  /estree-walker/0.6.1:
    dev: true
    resolution:
      integrity: sha512-SqmZANLWS0mnatqbSfRP5g8OXZC12Fgg1IwNtLsyHDzJizORW4khDfjPqJZsemPWBB2uqykUah5YpQ6epsqC/w==
  /exec-sh/0.2.2:
    dependencies:
      merge: 1.2.1
    dev: true
    resolution:
      integrity: sha512-FIUCJz1RbuS0FKTdaAafAByGS0CPvU3R0MeHxgtl+djzCc//F8HakL8GzmVNZanasTbTAY/3DRFA0KpVqj/eAw==
  /merge/1.2.1:
    dev: true
    resolution:
      integrity: sha512-VjFo4P5Whtj4vsLzsYBu5ayHhoHJ0UqNm7ibvShmbmoz7tGi0vXaoJbGdB+GmDMLUdg8DpQXEIeVDAe8MaABvQ==
  /minimist/1.2.0:
    dev: true
    resolution:
      integrity: sha1-o1AIsg9BOD7sH7kU9M1d95omQoQ=
  /rollup-pluginutils/2.8.2:
    dependencies:
      estree-walker: 0.6.1
    dev: true
    resolution:
      integrity: sha512-EEp9NhnUkwY8aif6bxgovPHMoMoNr2FulJziTndpt5H9RdwC47GSGuII9XxpSdzVGM0GWrNPHV6ie1LTNJPaLQ==
  /rollup/1.29.0:
    dependencies:
      '@types/estree': 0.0.42
      '@types/node': 13.1.5
      acorn: 7.1.0
    dev: true
    hasBin: true
    resolution:
      integrity: sha512-V63Iz0dSdI5qPPN5HmCN6OBRzBFhMqNWcvwgq863JtSCTU6Vdvqq6S2fYle/dSCyoPrBkIP3EIr1RVs3HTRqqg==
  /typescript/3.7.4:
    dev: true
    engines:
      node: '>=4.2.0'
    hasBin: true
    resolution:
      integrity: sha512-A25xv5XCtarLwXpcDNZzCGvW2D1S3/bACratYBx2sax8PefsFhlYmkQicKHvpYflFS8if4zne5zT5kpJ7pzuvw==
  /watch/1.0.2:
    dependencies:
      exec-sh: 0.2.2
      minimist: 1.2.0
    dev: true
    engines:
      node: '>=0.1.95'
    hasBin: true
    resolution:
      integrity: sha1-NApxe952Vyb6CqB9ch4BR6VR3ww=
specifiers:
  '@rollup/plugin-json': ^4.0.1
  rollup: ^1.29.0
  typescript: ^3.7.4
  watch: ^1.0.2
